// !$*UTF8*$!
{
	archiveVersion = 1;
	classes = {
	};
	objectVersion = 56;
	objects = {

/* Begin PBXBuildFile section */
		F604FE132B2ABF8E0049F522 /* UserModel.swift in Sources */ = {isa = PBXBuildFile; fileRef = F604FE122B2ABF8E0049F522 /* UserModel.swift */; };
		F604FE152B2AC0150049F522 /* UserModelBasicView.swift in Sources */ = {isa = PBXBuildFile; fileRef = F604FE142B2AC0150049F522 /* UserModelBasicView.swift */; };
		F65742772B2137A0001CE6EE /* ToggleBasic.swift in Sources */ = {isa = PBXBuildFile; fileRef = F65742762B2137A0001CE6EE /* ToggleBasic.swift */; };
		F65AB40C2B213AE0002AA044 /* PickerBasic.swift in Sources */ = {isa = PBXBuildFile; fileRef = F65AB40B2B213AE0002AA044 /* PickerBasic.swift */; };
		F6612B412B22EEC400A8F215 /* ColorPickerBasic.swift in Sources */ = {isa = PBXBuildFile; fileRef = F6612B402B22EEC400A8F215 /* ColorPickerBasic.swift */; };
		F6612B432B22F00600A8F215 /* DatePickerBasic.swift in Sources */ = {isa = PBXBuildFile; fileRef = F6612B422B22F00600A8F215 /* DatePickerBasic.swift */; };
		F6612B452B26D13000A8F215 /* StepperBasic.swift in Sources */ = {isa = PBXBuildFile; fileRef = F6612B442B26D13000A8F215 /* StepperBasic.swift */; };
		F6612B472B26D3C600A8F215 /* SliderBasic.swift in Sources */ = {isa = PBXBuildFile; fileRef = F6612B462B26D3C600A8F215 /* SliderBasic.swift */; };
		F6612B492B28556300A8F215 /* TabViewBasic.swift in Sources */ = {isa = PBXBuildFile; fileRef = F6612B482B28556300A8F215 /* TabViewBasic.swift */; };
		F6612B4B2B28580600A8F215 /* DarkModeBasic.swift in Sources */ = {isa = PBXBuildFile; fileRef = F6612B4A2B28580600A8F215 /* DarkModeBasic.swift */; };
		F6612B4E2B2993CF00A8F215 /* OnAppearBasic.swift in Sources */ = {isa = PBXBuildFile; fileRef = F6612B4D2B2993CF00A8F215 /* OnAppearBasic.swift */; };
		F6612B502B29957700A8F215 /* OnTabGestureBasic.swift in Sources */ = {isa = PBXBuildFile; fileRef = F6612B4F2B29957700A8F215 /* OnTabGestureBasic.swift */; };
		F6BE9EB42B1F02CA000D8249 /* SwiftUI_BasicApp.swift in Sources */ = {isa = PBXBuildFile; fileRef = F6BE9EB32B1F02CA000D8249 /* SwiftUI_BasicApp.swift */; };
		F6BE9EB62B1F02CA000D8249 /* ContentView.swift in Sources */ = {isa = PBXBuildFile; fileRef = F6BE9EB52B1F02CA000D8249 /* ContentView.swift */; };
		F6BE9EB82B1F02CB000D8249 /* Assets.xcassets in Resources */ = {isa = PBXBuildFile; fileRef = F6BE9EB72B1F02CB000D8249 /* Assets.xcassets */; };
		F6BE9EBB2B1F02CB000D8249 /* Preview Assets.xcassets in Resources */ = {isa = PBXBuildFile; fileRef = F6BE9EBA2B1F02CB000D8249 /* Preview Assets.xcassets */; };
		F6E430982B1F034E00EF58FA /* TextFieldBasic.swift in Sources */ = {isa = PBXBuildFile; fileRef = F6E430972B1F034E00EF58FA /* TextFieldBasic.swift */; };
/* End PBXBuildFile section */

/* Begin PBXFileReference section */
		F604FE122B2ABF8E0049F522 /* UserModel.swift */ = {isa = PBXFileReference; lastKnownFileType = sourcecode.swift; path = UserModel.swift; sourceTree = "<group>"; };
		F604FE142B2AC0150049F522 /* UserModelBasicView.swift */ = {isa = PBXFileReference; lastKnownFileType = sourcecode.swift; path = UserModelBasicView.swift; sourceTree = "<group>"; };
		F65742762B2137A0001CE6EE /* ToggleBasic.swift */ = {isa = PBXFileReference; lastKnownFileType = sourcecode.swift; path = ToggleBasic.swift; sourceTree = "<group>"; };
		F65AB40B2B213AE0002AA044 /* PickerBasic.swift */ = {isa = PBXFileReference; lastKnownFileType = sourcecode.swift; path = PickerBasic.swift; sourceTree = "<group>"; };
		F6612B402B22EEC400A8F215 /* ColorPickerBasic.swift */ = {isa = PBXFileReference; lastKnownFileType = sourcecode.swift; path = ColorPickerBasic.swift; sourceTree = "<group>"; };
		F6612B422B22F00600A8F215 /* DatePickerBasic.swift */ = {isa = PBXFileReference; lastKnownFileType = sourcecode.swift; path = DatePickerBasic.swift; sourceTree = "<group>"; };
		F6612B442B26D13000A8F215 /* StepperBasic.swift */ = {isa = PBXFileReference; lastKnownFileType = sourcecode.swift; path = StepperBasic.swift; sourceTree = "<group>"; };
		F6612B462B26D3C600A8F215 /* SliderBasic.swift */ = {isa = PBXFileReference; lastKnownFileType = sourcecode.swift; path = SliderBasic.swift; sourceTree = "<group>"; };
		F6612B482B28556300A8F215 /* TabViewBasic.swift */ = {isa = PBXFileReference; lastKnownFileType = sourcecode.swift; path = TabViewBasic.swift; sourceTree = "<group>"; };
		F6612B4A2B28580600A8F215 /* DarkModeBasic.swift */ = {isa = PBXFileReference; lastKnownFileType = sourcecode.swift; path = DarkModeBasic.swift; sourceTree = "<group>"; };
		F6612B4D2B2993CF00A8F215 /* OnAppearBasic.swift */ = {isa = PBXFileReference; lastKnownFileType = sourcecode.swift; path = OnAppearBasic.swift; sourceTree = "<group>"; };
		F6612B4F2B29957700A8F215 /* OnTabGestureBasic.swift */ = {isa = PBXFileReference; lastKnownFileType = sourcecode.swift; path = OnTabGestureBasic.swift; sourceTree = "<group>"; };
		F6BE9EB02B1F02CA000D8249 /* SwiftUI_Basic.app */ = {isa = PBXFileReference; explicitFileType = wrapper.application; includeInIndex = 0; path = SwiftUI_Basic.app; sourceTree = BUILT_PRODUCTS_DIR; };
		F6BE9EB32B1F02CA000D8249 /* SwiftUI_BasicApp.swift */ = {isa = PBXFileReference; lastKnownFileType = sourcecode.swift; path = SwiftUI_BasicApp.swift; sourceTree = "<group>"; };
		F6BE9EB52B1F02CA000D8249 /* ContentView.swift */ = {isa = PBXFileReference; lastKnownFileType = sourcecode.swift; path = ContentView.swift; sourceTree = "<group>"; };
		F6BE9EB72B1F02CB000D8249 /* Assets.xcassets */ = {isa = PBXFileReference; lastKnownFileType = folder.assetcatalog; path = Assets.xcassets; sourceTree = "<group>"; };
		F6BE9EBA2B1F02CB000D8249 /* Preview Assets.xcassets */ = {isa = PBXFileReference; lastKnownFileType = folder.assetcatalog; path = "Preview Assets.xcassets"; sourceTree = "<group>"; };
		F6E430972B1F034E00EF58FA /* TextFieldBasic.swift */ = {isa = PBXFileReference; lastKnownFileType = sourcecode.swift; path = TextFieldBasic.swift; sourceTree = "<group>"; };
/* End PBXFileReference section */

/* Begin PBXFrameworksBuildPhase section */
		F6BE9EAD2B1F02CA000D8249 /* Frameworks */ = {
			isa = PBXFrameworksBuildPhase;
			buildActionMask = 2147483647;
			files = (
			);
			runOnlyForDeploymentPostprocessing = 0;
		};
/* End PBXFrameworksBuildPhase section */

/* Begin PBXGroup section */
		F604FE0E2B2ABF510049F522 /* MVVM */ = {
			isa = PBXGroup;
			children = (
				F604FE112B2ABF7A0049F522 /* Model */,
				F604FE102B2ABF690049F522 /* ViewModel */,
				F604FE0F2B2ABF550049F522 /* View */,
			);
			path = MVVM;
			sourceTree = "<group>";
		};
		F604FE0F2B2ABF550049F522 /* View */ = {
			isa = PBXGroup;
			children = (
				F604FE142B2AC0150049F522 /* UserModelBasicView.swift */,
			);
			path = View;
			sourceTree = "<group>";
		};
		F604FE102B2ABF690049F522 /* ViewModel */ = {
			isa = PBXGroup;
			children = (
			);
			path = ViewModel;
			sourceTree = "<group>";
		};
		F604FE112B2ABF7A0049F522 /* Model */ = {
			isa = PBXGroup;
			children = (
				F604FE122B2ABF8E0049F522 /* UserModel.swift */,
			);
			path = Model;
			sourceTree = "<group>";
		};
		F6BE9EA72B1F02CA000D8249 = {
			isa = PBXGroup;
			children = (
				F6BE9EB22B1F02CA000D8249 /* SwiftUI_Basic */,
				F6BE9EB12B1F02CA000D8249 /* Products */,
			);
			sourceTree = "<group>";
		};
		F6BE9EB12B1F02CA000D8249 /* Products */ = {
			isa = PBXGroup;
			children = (
				F6BE9EB02B1F02CA000D8249 /* SwiftUI_Basic.app */,
			);
			name = Products;
			sourceTree = "<group>";
		};
		F6BE9EB22B1F02CA000D8249 /* SwiftUI_Basic */ = {
			isa = PBXGroup;
			children = (
				F604FE0E2B2ABF510049F522 /* MVVM */,
				F6612B4F2B29957700A8F215 /* OnTabGestureBasic.swift */,
				F6612B4A2B28580600A8F215 /* DarkModeBasic.swift */,
				F6612B4D2B2993CF00A8F215 /* OnAppearBasic.swift */,
				F6612B462B26D3C600A8F215 /* SliderBasic.swift */,
				F6612B482B28556300A8F215 /* TabViewBasic.swift */,
				F6612B422B22F00600A8F215 /* DatePickerBasic.swift */,
				F6612B442B26D13000A8F215 /* StepperBasic.swift */,
				F6BE9EB32B1F02CA000D8249 /* SwiftUI_BasicApp.swift */,
				F6612B402B22EEC400A8F215 /* ColorPickerBasic.swift */,
				F6BE9EB52B1F02CA000D8249 /* ContentView.swift */,
				F65742762B2137A0001CE6EE /* ToggleBasic.swift */,
				F65AB40B2B213AE0002AA044 /* PickerBasic.swift */,
				F6BE9EB72B1F02CB000D8249 /* Assets.xcassets */,
				F6BE9EB92B1F02CB000D8249 /* Preview Content */,
				F6E430972B1F034E00EF58FA /* TextFieldBasic.swift */,
			);
			path = SwiftUI_Basic;
			sourceTree = "<group>";
		};
		F6BE9EB92B1F02CB000D8249 /* Preview Content */ = {
			isa = PBXGroup;
			children = (
				F6BE9EBA2B1F02CB000D8249 /* Preview Assets.xcassets */,
			);
			path = "Preview Content";
			sourceTree = "<group>";
		};
/* End PBXGroup section */

/* Begin PBXNativeTarget section */
		F6BE9EAF2B1F02CA000D8249 /* SwiftUI_Basic */ = {
			isa = PBXNativeTarget;
			buildConfigurationList = F6BE9EBE2B1F02CB000D8249 /* Build configuration list for PBXNativeTarget "SwiftUI_Basic" */;
			buildPhases = (
				F6BE9EAC2B1F02CA000D8249 /* Sources */,
				F6BE9EAD2B1F02CA000D8249 /* Frameworks */,
				F6BE9EAE2B1F02CA000D8249 /* Resources */,
			);
			buildRules = (
			);
			dependencies = (
			);
			name = SwiftUI_Basic;
			productName = SwiftUI_Basic;
			productReference = F6BE9EB02B1F02CA000D8249 /* SwiftUI_Basic.app */;
			productType = "com.apple.product-type.application";
		};
/* End PBXNativeTarget section */

/* Begin PBXProject section */
		F6BE9EA82B1F02CA000D8249 /* Project object */ = {
			isa = PBXProject;
			attributes = {
				BuildIndependentTargetsInParallel = 1;
				LastSwiftUpdateCheck = 1420;
				LastUpgradeCheck = 1420;
				TargetAttributes = {
					F6BE9EAF2B1F02CA000D8249 = {
						CreatedOnToolsVersion = 14.2;
					};
				};
			};
			buildConfigurationList = F6BE9EAB2B1F02CA000D8249 /* Build configuration list for PBXProject "SwiftUI_Basic" */;
			compatibilityVersion = "Xcode 14.0";
			developmentRegion = en;
			hasScannedForEncodings = 0;
			knownRegions = (
				en,
				Base,
			);
			mainGroup = F6BE9EA72B1F02CA000D8249;
			productRefGroup = F6BE9EB12B1F02CA000D8249 /* Products */;
			projectDirPath = "";
			projectRoot = "";
			targets = (
				F6BE9EAF2B1F02CA000D8249 /* SwiftUI_Basic */,
			);
		};
/* End PBXProject section */

/* Begin PBXResourcesBuildPhase section */
		F6BE9EAE2B1F02CA000D8249 /* Resources */ = {
			isa = PBXResourcesBuildPhase;
			buildActionMask = 2147483647;
			files = (
				F6BE9EBB2B1F02CB000D8249 /* Preview Assets.xcassets in Resources */,
				F6BE9EB82B1F02CB000D8249 /* Assets.xcassets in Resources */,
			);
			runOnlyForDeploymentPostprocessing = 0;
		};
/* End PBXResourcesBuildPhase section */

/* Begin PBXSourcesBuildPhase section */
		F6BE9EAC2B1F02CA000D8249 /* Sources */ = {
			isa = PBXSourcesBuildPhase;
			buildActionMask = 2147483647;
			files = (
				F6612B502B29957700A8F215 /* OnTabGestureBasic.swift in Sources */,
				F6612B432B22F00600A8F215 /* DatePickerBasic.swift in Sources */,
				F65742772B2137A0001CE6EE /* ToggleBasic.swift in Sources */,
				F6612B4E2B2993CF00A8F215 /* OnAppearBasic.swift in Sources */,
				F6612B452B26D13000A8F215 /* StepperBasic.swift in Sources */,
				F6612B472B26D3C600A8F215 /* SliderBasic.swift in Sources */,
				F65AB40C2B213AE0002AA044 /* PickerBasic.swift in Sources */,
				F6612B4B2B28580600A8F215 /* DarkModeBasic.swift in Sources */,
				F604FE132B2ABF8E0049F522 /* UserModel.swift in Sources */,
				F6612B492B28556300A8F215 /* TabViewBasic.swift in Sources */,
				F6612B412B22EEC400A8F215 /* ColorPickerBasic.swift in Sources */,
				F604FE152B2AC0150049F522 /* UserModelBasicView.swift in Sources */,
				F6BE9EB62B1F02CA000D8249 /* ContentView.swift in Sources */,
				F6E430982B1F034E00EF58FA /* TextFieldBasic.swift in Sources */,
				F6BE9EB42B1F02CA000D8249 /* SwiftUI_BasicApp.swift in Sources */,
			);
			runOnlyForDeploymentPostprocessing = 0;
		};
/* End PBXSourcesBuildPhase section */

/* Begin XCBuildConfiguration section */
		F6BE9EBC2B1F02CB000D8249 /* Debug */ = {
			isa = XCBuildConfiguration;
			buildSettings = {
				ALWAYS_SEARCH_USER_PATHS = NO;
				CLANG_ANALYZER_NONNULL = YES;
				CLANG_ANALYZER_NUMBER_OBJECT_CONVERSION = YES_AGGRESSIVE;
				CLANG_CXX_LANGUAGE_STANDARD = "gnu++20";
				CLANG_ENABLE_MODULES = YES;
				CLANG_ENABLE_OBJC_ARC = YES;
				CLANG_ENABLE_OBJC_WEAK = YES;
				CLANG_WARN_BLOCK_CAPTURE_AUTORELEASING = YES;
				CLANG_WARN_BOOL_CONVERSION = YES;
				CLANG_WARN_COMMA = YES;
				CLANG_WARN_CONSTANT_CONVERSION = YES;
				CLANG_WARN_DEPRECATED_OBJC_IMPLEMENTATIONS = YES;
				CLANG_WARN_DIRECT_OBJC_ISA_USAGE = YES_ERROR;
				CLANG_WARN_DOCUMENTATION_COMMENTS = YES;
				CLANG_WARN_EMPTY_BODY = YES;
				CLANG_WARN_ENUM_CONVERSION = YES;
				CLANG_WARN_INFINITE_RECURSION = YES;
				CLANG_WARN_INT_CONVERSION = YES;
				CLANG_WARN_NON_LITERAL_NULL_CONVERSION = YES;
				CLANG_WARN_OBJC_IMPLICIT_RETAIN_SELF = YES;
				CLANG_WARN_OBJC_LITERAL_CONVERSION = YES;
				CLANG_WARN_OBJC_ROOT_CLASS = YES_ERROR;
				CLANG_WARN_QUOTED_INCLUDE_IN_FRAMEWORK_HEADER = YES;
				CLANG_WARN_RANGE_LOOP_ANALYSIS = YES;
				CLANG_WARN_STRICT_PROTOTYPES = YES;
				CLANG_WARN_SUSPICIOUS_MOVE = YES;
				CLANG_WARN_UNGUARDED_AVAILABILITY = YES_AGGRESSIVE;
				CLANG_WARN_UNREACHABLE_CODE = YES;
				CLANG_WARN__DUPLICATE_METHOD_MATCH = YES;
				COPY_PHASE_STRIP = NO;
				DEBUG_INFORMATION_FORMAT = dwarf;
				ENABLE_STRICT_OBJC_MSGSEND = YES;
				ENABLE_TESTABILITY = YES;
				GCC_C_LANGUAGE_STANDARD = gnu11;
				GCC_DYNAMIC_NO_PIC = NO;
				GCC_NO_COMMON_BLOCKS = YES;
				GCC_OPTIMIZATION_LEVEL = 0;
				GCC_PREPROCESSOR_DEFINITIONS = (
					"DEBUG=1",
					"$(inherited)",
				);
				GCC_WARN_64_TO_32_BIT_CONVERSION = YES;
				GCC_WARN_ABOUT_RETURN_TYPE = YES_ERROR;
				GCC_WARN_UNDECLARED_SELECTOR = YES;
				GCC_WARN_UNINITIALIZED_AUTOS = YES_AGGRESSIVE;
				GCC_WARN_UNUSED_FUNCTION = YES;
				GCC_WARN_UNUSED_VARIABLE = YES;
				IPHONEOS_DEPLOYMENT_TARGET = 16.2;
				MTL_ENABLE_DEBUG_INFO = INCLUDE_SOURCE;
				MTL_FAST_MATH = YES;
				ONLY_ACTIVE_ARCH = YES;
				SDKROOT = iphoneos;
				SWIFT_ACTIVE_COMPILATION_CONDITIONS = DEBUG;
				SWIFT_OPTIMIZATION_LEVEL = "-Onone";
			};
			name = Debug;
		};
		F6BE9EBD2B1F02CB000D8249 /* Release */ = {
			isa = XCBuildConfiguration;
			buildSettings = {
				ALWAYS_SEARCH_USER_PATHS = NO;
				CLANG_ANALYZER_NONNULL = YES;
				CLANG_ANALYZER_NUMBER_OBJECT_CONVERSION = YES_AGGRESSIVE;
				CLANG_CXX_LANGUAGE_STANDARD = "gnu++20";
				CLANG_ENABLE_MODULES = YES;
				CLANG_ENABLE_OBJC_ARC = YES;
				CLANG_ENABLE_OBJC_WEAK = YES;
				CLANG_WARN_BLOCK_CAPTURE_AUTORELEASING = YES;
				CLANG_WARN_BOOL_CONVERSION = YES;
				CLANG_WARN_COMMA = YES;
				CLANG_WARN_CONSTANT_CONVERSION = YES;
				CLANG_WARN_DEPRECATED_OBJC_IMPLEMENTATIONS = YES;
				CLANG_WARN_DIRECT_OBJC_ISA_USAGE = YES_ERROR;
				CLANG_WARN_DOCUMENTATION_COMMENTS = YES;
				CLANG_WARN_EMPTY_BODY = YES;
				CLANG_WARN_ENUM_CONVERSION = YES;
				CLANG_WARN_INFINITE_RECURSION = YES;
				CLANG_WARN_INT_CONVERSION = YES;
				CLANG_WARN_NON_LITERAL_NULL_CONVERSION = YES;
				CLANG_WARN_OBJC_IMPLICIT_RETAIN_SELF = YES;
				CLANG_WARN_OBJC_LITERAL_CONVERSION = YES;
				CLANG_WARN_OBJC_ROOT_CLASS = YES_ERROR;
				CLANG_WARN_QUOTED_INCLUDE_IN_FRAMEWORK_HEADER = YES;
				CLANG_WARN_RANGE_LOOP_ANALYSIS = YES;
				CLANG_WARN_STRICT_PROTOTYPES = YES;
				CLANG_WARN_SUSPICIOUS_MOVE = YES;
				CLANG_WARN_UNGUARDED_AVAILABILITY = YES_AGGRESSIVE;
				CLANG_WARN_UNREACHABLE_CODE = YES;
				CLANG_WARN__DUPLICATE_METHOD_MATCH = YES;
				COPY_PHASE_STRIP = NO;
				DEBUG_INFORMATION_FORMAT = "dwarf-with-dsym";
				ENABLE_NS_ASSERTIONS = NO;
				ENABLE_STRICT_OBJC_MSGSEND = YES;
				GCC_C_LANGUAGE_STANDARD = gnu11;
				GCC_NO_COMMON_BLOCKS = YES;
				GCC_WARN_64_TO_32_BIT_CONVERSION = YES;
				GCC_WARN_ABOUT_RETURN_TYPE = YES_ERROR;
				GCC_WARN_UNDECLARED_SELECTOR = YES;
				GCC_WARN_UNINITIALIZED_AUTOS = YES_AGGRESSIVE;
				GCC_WARN_UNUSED_FUNCTION = YES;
				GCC_WARN_UNUSED_VARIABLE = YES;
				IPHONEOS_DEPLOYMENT_TARGET = 16.2;
				MTL_ENABLE_DEBUG_INFO = NO;
				MTL_FAST_MATH = YES;
				SDKROOT = iphoneos;
				SWIFT_COMPILATION_MODE = wholemodule;
				SWIFT_OPTIMIZATION_LEVEL = "-O";
				VALIDATE_PRODUCT = YES;
			};
			name = Release;
		};
		F6BE9EBF2B1F02CB000D8249 /* Debug */ = {
			isa = XCBuildConfiguration;
			buildSettings = {
				ASSETCATALOG_COMPILER_APPICON_NAME = AppIcon;
				ASSETCATALOG_COMPILER_GLOBAL_ACCENT_COLOR_NAME = AccentColor;
				CODE_SIGN_STYLE = Automatic;
				CURRENT_PROJECT_VERSION = 1;
				DEVELOPMENT_ASSET_PATHS = "\"SwiftUI_Basic/Preview Content\"";
				DEVELOPMENT_TEAM = R944P2LYKZ;
				ENABLE_PREVIEWS = YES;
				GENERATE_INFOPLIST_FILE = YES;
				INFOPLIST_KEY_UIApplicationSceneManifest_Generation = YES;
				INFOPLIST_KEY_UIApplicationSupportsIndirectInputEvents = YES;
				INFOPLIST_KEY_UILaunchScreen_Generation = YES;
				INFOPLIST_KEY_UISupportedInterfaceOrientations_iPad = "UIInterfaceOrientationPortrait UIInterfaceOrientationPortraitUpsideDown UIInterfaceOrientationLandscapeLeft UIInterfaceOrientationLandscapeRight";
				INFOPLIST_KEY_UISupportedInterfaceOrientations_iPhone = "UIInterfaceOrientationPortrait UIInterfaceOrientationLandscapeLeft UIInterfaceOrientationLandscapeRight";
				LD_RUNPATH_SEARCH_PATHS = (
					"$(inherited)",
					"@executable_path/Frameworks",
				);
				MARKETING_VERSION = 1.0;
				PRODUCT_BUNDLE_IDENTIFIER = "com.seungyooooong.SwiftUI-Basic";
				PRODUCT_NAME = "$(TARGET_NAME)";
				SWIFT_EMIT_LOC_STRINGS = YES;
				SWIFT_VERSION = 5.0;
				TARGETED_DEVICE_FAMILY = "1,2";
			};
			name = Debug;
		};
		F6BE9EC02B1F02CB000D8249 /* Release */ = {
			isa = XCBuildConfiguration;
			buildSettings = {
				ASSETCATALOG_COMPILER_APPICON_NAME = AppIcon;
				ASSETCATALOG_COMPILER_GLOBAL_ACCENT_COLOR_NAME = AccentColor;
				CODE_SIGN_STYLE = Automatic;
				CURRENT_PROJECT_VERSION = 1;
				DEVELOPMENT_ASSET_PATHS = "\"SwiftUI_Basic/Preview Content\"";
				DEVELOPMENT_TEAM = R944P2LYKZ;
				ENABLE_PREVIEWS = YES;
				GENERATE_INFOPLIST_FILE = YES;
				INFOPLIST_KEY_UIApplicationSceneManifest_Generation = YES;
				INFOPLIST_KEY_UIApplicationSupportsIndirectInputEvents = YES;
				INFOPLIST_KEY_UILaunchScreen_Generation = YES;
				INFOPLIST_KEY_UISupportedInterfaceOrientations_iPad = "UIInterfaceOrientationPortrait UIInterfaceOrientationPortraitUpsideDown UIInterfaceOrientationLandscapeLeft UIInterfaceOrientationLandscapeRight";
				INFOPLIST_KEY_UISupportedInterfaceOrientations_iPhone = "UIInterfaceOrientationPortrait UIInterfaceOrientationLandscapeLeft UIInterfaceOrientationLandscapeRight";
				LD_RUNPATH_SEARCH_PATHS = (
					"$(inherited)",
					"@executable_path/Frameworks",
				);
				MARKETING_VERSION = 1.0;
				PRODUCT_BUNDLE_IDENTIFIER = "com.seungyooooong.SwiftUI-Basic";
				PRODUCT_NAME = "$(TARGET_NAME)";
				SWIFT_EMIT_LOC_STRINGS = YES;
				SWIFT_VERSION = 5.0;
				TARGETED_DEVICE_FAMILY = "1,2";
			};
			name = Release;
		};
/* End XCBuildConfiguration section */

/* Begin XCConfigurationList section */
		F6BE9EAB2B1F02CA000D8249 /* Build configuration list for PBXProject "SwiftUI_Basic" */ = {
			isa = XCConfigurationList;
			buildConfigurations = (
				F6BE9EBC2B1F02CB000D8249 /* Debug */,
				F6BE9EBD2B1F02CB000D8249 /* Release */,
			);
			defaultConfigurationIsVisible = 0;
			defaultConfigurationName = Release;
		};
		F6BE9EBE2B1F02CB000D8249 /* Build configuration list for PBXNativeTarget "SwiftUI_Basic" */ = {
			isa = XCConfigurationList;
			buildConfigurations = (
				F6BE9EBF2B1F02CB000D8249 /* Debug */,
				F6BE9EC02B1F02CB000D8249 /* Release */,
			);
			defaultConfigurationIsVisible = 0;
			defaultConfigurationName = Release;
		};
/* End XCConfigurationList section */
	};
	rootObject = F6BE9EA82B1F02CA000D8249 /* Project object */;
}
