// !$*UTF8*$!
{
	archiveVersion = 1;
	classes = {
	};
	objectVersion = 56;
	objects = {

/* Begin PBXBuildFile section */
		F6F80E642B568E1E0043FFBE /* SwiftUIBasiciOS17App.swift in Sources */ = {isa = PBXBuildFile; fileRef = F6F80E632B568E1E0043FFBE /* SwiftUIBasiciOS17App.swift */; };
		F6F80E662B568E1E0043FFBE /* ContentView.swift in Sources */ = {isa = PBXBuildFile; fileRef = F6F80E652B568E1E0043FFBE /* ContentView.swift */; };
		F6F80E682B568E1F0043FFBE /* Assets.xcassets in Resources */ = {isa = PBXBuildFile; fileRef = F6F80E672B568E1F0043FFBE /* Assets.xcassets */; };
		F6F80E6B2B568E1F0043FFBE /* Preview Assets.xcassets in Resources */ = {isa = PBXBuildFile; fileRef = F6F80E6A2B568E1F0043FFBE /* Preview Assets.xcassets */; };
		F6F80E722B568E490043FFBE /* SectorMarkBasic.swift in Sources */ = {isa = PBXBuildFile; fileRef = F6F80E712B568E490043FFBE /* SectorMarkBasic.swift */; };
		F6F80E742B57EAF60043FFBE /* ContentUnavailableViewBasic.swift in Sources */ = {isa = PBXBuildFile; fileRef = F6F80E732B57EAF60043FFBE /* ContentUnavailableViewBasic.swift */; };
		F6F80E762B57EF840043FFBE /* SymbolEffectBasic.swift in Sources */ = {isa = PBXBuildFile; fileRef = F6F80E752B57EF840043FFBE /* SymbolEffectBasic.swift */; };
/* End PBXBuildFile section */

/* Begin PBXFileReference section */
		F6F80E602B568E1E0043FFBE /* SwiftUIBasiciOS17.app */ = {isa = PBXFileReference; explicitFileType = wrapper.application; includeInIndex = 0; path = SwiftUIBasiciOS17.app; sourceTree = BUILT_PRODUCTS_DIR; };
		F6F80E632B568E1E0043FFBE /* SwiftUIBasiciOS17App.swift */ = {isa = PBXFileReference; lastKnownFileType = sourcecode.swift; path = SwiftUIBasiciOS17App.swift; sourceTree = "<group>"; };
		F6F80E652B568E1E0043FFBE /* ContentView.swift */ = {isa = PBXFileReference; lastKnownFileType = sourcecode.swift; path = ContentView.swift; sourceTree = "<group>"; };
		F6F80E672B568E1F0043FFBE /* Assets.xcassets */ = {isa = PBXFileReference; lastKnownFileType = folder.assetcatalog; path = Assets.xcassets; sourceTree = "<group>"; };
		F6F80E6A2B568E1F0043FFBE /* Preview Assets.xcassets */ = {isa = PBXFileReference; lastKnownFileType = folder.assetcatalog; path = "Preview Assets.xcassets"; sourceTree = "<group>"; };
		F6F80E712B568E490043FFBE /* SectorMarkBasic.swift */ = {isa = PBXFileReference; lastKnownFileType = sourcecode.swift; path = SectorMarkBasic.swift; sourceTree = "<group>"; };
		F6F80E732B57EAF60043FFBE /* ContentUnavailableViewBasic.swift */ = {isa = PBXFileReference; lastKnownFileType = sourcecode.swift; path = ContentUnavailableViewBasic.swift; sourceTree = "<group>"; };
		F6F80E752B57EF840043FFBE /* SymbolEffectBasic.swift */ = {isa = PBXFileReference; lastKnownFileType = sourcecode.swift; path = SymbolEffectBasic.swift; sourceTree = "<group>"; };
/* End PBXFileReference section */

/* Begin PBXFrameworksBuildPhase section */
		F6F80E5D2B568E1E0043FFBE /* Frameworks */ = {
			isa = PBXFrameworksBuildPhase;
			buildActionMask = 2147483647;
			files = (
			);
			runOnlyForDeploymentPostprocessing = 0;
		};
/* End PBXFrameworksBuildPhase section */

/* Begin PBXGroup section */
		F6F80E572B568E1E0043FFBE = {
			isa = PBXGroup;
			children = (
				F6F80E622B568E1E0043FFBE /* SwiftUIBasiciOS17 */,
				F6F80E612B568E1E0043FFBE /* Products */,
			);
			sourceTree = "<group>";
		};
		F6F80E612B568E1E0043FFBE /* Products */ = {
			isa = PBXGroup;
			children = (
				F6F80E602B568E1E0043FFBE /* SwiftUIBasiciOS17.app */,
			);
			name = Products;
			sourceTree = "<group>";
		};
		F6F80E622B568E1E0043FFBE /* SwiftUIBasiciOS17 */ = {
			isa = PBXGroup;
			children = (
				F6F80E632B568E1E0043FFBE /* SwiftUIBasiciOS17App.swift */,
				F6F80E652B568E1E0043FFBE /* ContentView.swift */,
				F6F80E712B568E490043FFBE /* SectorMarkBasic.swift */,
				F6F80E732B57EAF60043FFBE /* ContentUnavailableViewBasic.swift */,
				F6F80E752B57EF840043FFBE /* SymbolEffectBasic.swift */,
				F6F80E672B568E1F0043FFBE /* Assets.xcassets */,
				F6F80E692B568E1F0043FFBE /* Preview Content */,
			);
			path = SwiftUIBasiciOS17;
			sourceTree = "<group>";
		};
		F6F80E692B568E1F0043FFBE /* Preview Content */ = {
			isa = PBXGroup;
			children = (
				F6F80E6A2B568E1F0043FFBE /* Preview Assets.xcassets */,
			);
			path = "Preview Content";
			sourceTree = "<group>";
		};
/* End PBXGroup section */

/* Begin PBXNativeTarget section */
		F6F80E5F2B568E1E0043FFBE /* SwiftUIBasiciOS17 */ = {
			isa = PBXNativeTarget;
			buildConfigurationList = F6F80E6E2B568E1F0043FFBE /* Build configuration list for PBXNativeTarget "SwiftUIBasiciOS17" */;
			buildPhases = (
				F6F80E5C2B568E1E0043FFBE /* Sources */,
				F6F80E5D2B568E1E0043FFBE /* Frameworks */,
				F6F80E5E2B568E1E0043FFBE /* Resources */,
			);
			buildRules = (
			);
			dependencies = (
			);
			name = SwiftUIBasiciOS17;
			productName = SwiftUIBasiciOS17;
			productReference = F6F80E602B568E1E0043FFBE /* SwiftUIBasiciOS17.app */;
			productType = "com.apple.product-type.application";
		};
/* End PBXNativeTarget section */

/* Begin PBXProject section */
		F6F80E582B568E1E0043FFBE /* Project object */ = {
			isa = PBXProject;
			attributes = {
				BuildIndependentTargetsInParallel = 1;
				LastSwiftUpdateCheck = 1510;
				LastUpgradeCheck = 1510;
				TargetAttributes = {
					F6F80E5F2B568E1E0043FFBE = {
						CreatedOnToolsVersion = 15.1;
					};
				};
			};
			buildConfigurationList = F6F80E5B2B568E1E0043FFBE /* Build configuration list for PBXProject "SwiftUIBasiciOS17" */;
			compatibilityVersion = "Xcode 14.0";
			developmentRegion = en;
			hasScannedForEncodings = 0;
			knownRegions = (
				en,
				Base,
			);
			mainGroup = F6F80E572B568E1E0043FFBE;
			productRefGroup = F6F80E612B568E1E0043FFBE /* Products */;
			projectDirPath = "";
			projectRoot = "";
			targets = (
				F6F80E5F2B568E1E0043FFBE /* SwiftUIBasiciOS17 */,
			);
		};
/* End PBXProject section */

/* Begin PBXResourcesBuildPhase section */
		F6F80E5E2B568E1E0043FFBE /* Resources */ = {
			isa = PBXResourcesBuildPhase;
			buildActionMask = 2147483647;
			files = (
				F6F80E6B2B568E1F0043FFBE /* Preview Assets.xcassets in Resources */,
				F6F80E682B568E1F0043FFBE /* Assets.xcassets in Resources */,
			);
			runOnlyForDeploymentPostprocessing = 0;
		};
/* End PBXResourcesBuildPhase section */

/* Begin PBXSourcesBuildPhase section */
		F6F80E5C2B568E1E0043FFBE /* Sources */ = {
			isa = PBXSourcesBuildPhase;
			buildActionMask = 2147483647;
			files = (
				F6F80E742B57EAF60043FFBE /* ContentUnavailableViewBasic.swift in Sources */,
				F6F80E762B57EF840043FFBE /* SymbolEffectBasic.swift in Sources */,
				F6F80E662B568E1E0043FFBE /* ContentView.swift in Sources */,
				F6F80E722B568E490043FFBE /* SectorMarkBasic.swift in Sources */,
				F6F80E642B568E1E0043FFBE /* SwiftUIBasiciOS17App.swift in Sources */,
			);
			runOnlyForDeploymentPostprocessing = 0;
		};
/* End PBXSourcesBuildPhase section */

/* Begin XCBuildConfiguration section */
		F6F80E6C2B568E1F0043FFBE /* Debug */ = {
			isa = XCBuildConfiguration;
			buildSettings = {
				ALWAYS_SEARCH_USER_PATHS = NO;
				ASSETCATALOG_COMPILER_GENERATE_SWIFT_ASSET_SYMBOL_EXTENSIONS = YES;
				CLANG_ANALYZER_NONNULL = YES;
				CLANG_ANALYZER_NUMBER_OBJECT_CONVERSION = YES_AGGRESSIVE;
				CLANG_CXX_LANGUAGE_STANDARD = "gnu++20";
				CLANG_ENABLE_MODULES = YES;
				CLANG_ENABLE_OBJC_ARC = YES;
				CLANG_ENABLE_OBJC_WEAK = YES;
				CLANG_WARN_BLOCK_CAPTURE_AUTORELEASING = YES;
				CLANG_WARN_BOOL_CONVERSION = YES;
				CLANG_WARN_COMMA = YES;
				CLANG_WARN_CONSTANT_CONVERSION = YES;
				CLANG_WARN_DEPRECATED_OBJC_IMPLEMENTATIONS = YES;
				CLANG_WARN_DIRECT_OBJC_ISA_USAGE = YES_ERROR;
				CLANG_WARN_DOCUMENTATION_COMMENTS = YES;
				CLANG_WARN_EMPTY_BODY = YES;
				CLANG_WARN_ENUM_CONVERSION = YES;
				CLANG_WARN_INFINITE_RECURSION = YES;
				CLANG_WARN_INT_CONVERSION = YES;
				CLANG_WARN_NON_LITERAL_NULL_CONVERSION = YES;
				CLANG_WARN_OBJC_IMPLICIT_RETAIN_SELF = YES;
				CLANG_WARN_OBJC_LITERAL_CONVERSION = YES;
				CLANG_WARN_OBJC_ROOT_CLASS = YES_ERROR;
				CLANG_WARN_QUOTED_INCLUDE_IN_FRAMEWORK_HEADER = YES;
				CLANG_WARN_RANGE_LOOP_ANALYSIS = YES;
				CLANG_WARN_STRICT_PROTOTYPES = YES;
				CLANG_WARN_SUSPICIOUS_MOVE = YES;
				CLANG_WARN_UNGUARDED_AVAILABILITY = YES_AGGRESSIVE;
				CLANG_WARN_UNREACHABLE_CODE = YES;
				CLANG_WARN__DUPLICATE_METHOD_MATCH = YES;
				COPY_PHASE_STRIP = NO;
				DEBUG_INFORMATION_FORMAT = dwarf;
				ENABLE_STRICT_OBJC_MSGSEND = YES;
				ENABLE_TESTABILITY = YES;
				ENABLE_USER_SCRIPT_SANDBOXING = YES;
				GCC_C_LANGUAGE_STANDARD = gnu17;
				GCC_DYNAMIC_NO_PIC = NO;
				GCC_NO_COMMON_BLOCKS = YES;
				GCC_OPTIMIZATION_LEVEL = 0;
				GCC_PREPROCESSOR_DEFINITIONS = (
					"DEBUG=1",
					"$(inherited)",
				);
				GCC_WARN_64_TO_32_BIT_CONVERSION = YES;
				GCC_WARN_ABOUT_RETURN_TYPE = YES_ERROR;
				GCC_WARN_UNDECLARED_SELECTOR = YES;
				GCC_WARN_UNINITIALIZED_AUTOS = YES_AGGRESSIVE;
				GCC_WARN_UNUSED_FUNCTION = YES;
				GCC_WARN_UNUSED_VARIABLE = YES;
				IPHONEOS_DEPLOYMENT_TARGET = 17.2;
				LOCALIZATION_PREFERS_STRING_CATALOGS = YES;
				MTL_ENABLE_DEBUG_INFO = INCLUDE_SOURCE;
				MTL_FAST_MATH = YES;
				ONLY_ACTIVE_ARCH = YES;
				SDKROOT = iphoneos;
				SWIFT_ACTIVE_COMPILATION_CONDITIONS = "DEBUG $(inherited)";
				SWIFT_OPTIMIZATION_LEVEL = "-Onone";
			};
			name = Debug;
		};
		F6F80E6D2B568E1F0043FFBE /* Release */ = {
			isa = XCBuildConfiguration;
			buildSettings = {
				ALWAYS_SEARCH_USER_PATHS = NO;
				ASSETCATALOG_COMPILER_GENERATE_SWIFT_ASSET_SYMBOL_EXTENSIONS = YES;
				CLANG_ANALYZER_NONNULL = YES;
				CLANG_ANALYZER_NUMBER_OBJECT_CONVERSION = YES_AGGRESSIVE;
				CLANG_CXX_LANGUAGE_STANDARD = "gnu++20";
				CLANG_ENABLE_MODULES = YES;
				CLANG_ENABLE_OBJC_ARC = YES;
				CLANG_ENABLE_OBJC_WEAK = YES;
				CLANG_WARN_BLOCK_CAPTURE_AUTORELEASING = YES;
				CLANG_WARN_BOOL_CONVERSION = YES;
				CLANG_WARN_COMMA = YES;
				CLANG_WARN_CONSTANT_CONVERSION = YES;
				CLANG_WARN_DEPRECATED_OBJC_IMPLEMENTATIONS = YES;
				CLANG_WARN_DIRECT_OBJC_ISA_USAGE = YES_ERROR;
				CLANG_WARN_DOCUMENTATION_COMMENTS = YES;
				CLANG_WARN_EMPTY_BODY = YES;
				CLANG_WARN_ENUM_CONVERSION = YES;
				CLANG_WARN_INFINITE_RECURSION = YES;
				CLANG_WARN_INT_CONVERSION = YES;
				CLANG_WARN_NON_LITERAL_NULL_CONVERSION = YES;
				CLANG_WARN_OBJC_IMPLICIT_RETAIN_SELF = YES;
				CLANG_WARN_OBJC_LITERAL_CONVERSION = YES;
				CLANG_WARN_OBJC_ROOT_CLASS = YES_ERROR;
				CLANG_WARN_QUOTED_INCLUDE_IN_FRAMEWORK_HEADER = YES;
				CLANG_WARN_RANGE_LOOP_ANALYSIS = YES;
				CLANG_WARN_STRICT_PROTOTYPES = YES;
				CLANG_WARN_SUSPICIOUS_MOVE = YES;
				CLANG_WARN_UNGUARDED_AVAILABILITY = YES_AGGRESSIVE;
				CLANG_WARN_UNREACHABLE_CODE = YES;
				CLANG_WARN__DUPLICATE_METHOD_MATCH = YES;
				COPY_PHASE_STRIP = NO;
				DEBUG_INFORMATION_FORMAT = "dwarf-with-dsym";
				ENABLE_NS_ASSERTIONS = NO;
				ENABLE_STRICT_OBJC_MSGSEND = YES;
				ENABLE_USER_SCRIPT_SANDBOXING = YES;
				GCC_C_LANGUAGE_STANDARD = gnu17;
				GCC_NO_COMMON_BLOCKS = YES;
				GCC_WARN_64_TO_32_BIT_CONVERSION = YES;
				GCC_WARN_ABOUT_RETURN_TYPE = YES_ERROR;
				GCC_WARN_UNDECLARED_SELECTOR = YES;
				GCC_WARN_UNINITIALIZED_AUTOS = YES_AGGRESSIVE;
				GCC_WARN_UNUSED_FUNCTION = YES;
				GCC_WARN_UNUSED_VARIABLE = YES;
				IPHONEOS_DEPLOYMENT_TARGET = 17.2;
				LOCALIZATION_PREFERS_STRING_CATALOGS = YES;
				MTL_ENABLE_DEBUG_INFO = NO;
				MTL_FAST_MATH = YES;
				SDKROOT = iphoneos;
				SWIFT_COMPILATION_MODE = wholemodule;
				VALIDATE_PRODUCT = YES;
			};
			name = Release;
		};
		F6F80E6F2B568E1F0043FFBE /* Debug */ = {
			isa = XCBuildConfiguration;
			buildSettings = {
				ASSETCATALOG_COMPILER_APPICON_NAME = AppIcon;
				ASSETCATALOG_COMPILER_GLOBAL_ACCENT_COLOR_NAME = AccentColor;
				CODE_SIGN_STYLE = Automatic;
				CURRENT_PROJECT_VERSION = 1;
				DEVELOPMENT_ASSET_PATHS = "\"SwiftUIBasiciOS17/Preview Content\"";
				DEVELOPMENT_TEAM = R944P2LYKZ;
				ENABLE_PREVIEWS = YES;
				GENERATE_INFOPLIST_FILE = YES;
				INFOPLIST_KEY_UIApplicationSceneManifest_Generation = YES;
				INFOPLIST_KEY_UIApplicationSupportsIndirectInputEvents = YES;
				INFOPLIST_KEY_UILaunchScreen_Generation = YES;
				INFOPLIST_KEY_UISupportedInterfaceOrientations_iPad = "UIInterfaceOrientationPortrait UIInterfaceOrientationPortraitUpsideDown UIInterfaceOrientationLandscapeLeft UIInterfaceOrientationLandscapeRight";
				INFOPLIST_KEY_UISupportedInterfaceOrientations_iPhone = "UIInterfaceOrientationPortrait UIInterfaceOrientationLandscapeLeft UIInterfaceOrientationLandscapeRight";
				IPHONEOS_DEPLOYMENT_TARGET = 17.0;
				LD_RUNPATH_SEARCH_PATHS = (
					"$(inherited)",
					"@executable_path/Frameworks",
				);
				MARKETING_VERSION = 1.0;
				PRODUCT_BUNDLE_IDENTIFIER = com.seungyooooong.SwiftUIBasiciOS17;
				PRODUCT_NAME = "$(TARGET_NAME)";
				SWIFT_EMIT_LOC_STRINGS = YES;
				SWIFT_VERSION = 5.0;
				TARGETED_DEVICE_FAMILY = "1,2";
			};
			name = Debug;
		};
		F6F80E702B568E1F0043FFBE /* Release */ = {
			isa = XCBuildConfiguration;
			buildSettings = {
				ASSETCATALOG_COMPILER_APPICON_NAME = AppIcon;
				ASSETCATALOG_COMPILER_GLOBAL_ACCENT_COLOR_NAME = AccentColor;
				CODE_SIGN_STYLE = Automatic;
				CURRENT_PROJECT_VERSION = 1;
				DEVELOPMENT_ASSET_PATHS = "\"SwiftUIBasiciOS17/Preview Content\"";
				DEVELOPMENT_TEAM = R944P2LYKZ;
				ENABLE_PREVIEWS = YES;
				GENERATE_INFOPLIST_FILE = YES;
				INFOPLIST_KEY_UIApplicationSceneManifest_Generation = YES;
				INFOPLIST_KEY_UIApplicationSupportsIndirectInputEvents = YES;
				INFOPLIST_KEY_UILaunchScreen_Generation = YES;
				INFOPLIST_KEY_UISupportedInterfaceOrientations_iPad = "UIInterfaceOrientationPortrait UIInterfaceOrientationPortraitUpsideDown UIInterfaceOrientationLandscapeLeft UIInterfaceOrientationLandscapeRight";
				INFOPLIST_KEY_UISupportedInterfaceOrientations_iPhone = "UIInterfaceOrientationPortrait UIInterfaceOrientationLandscapeLeft UIInterfaceOrientationLandscapeRight";
				IPHONEOS_DEPLOYMENT_TARGET = 17.0;
				LD_RUNPATH_SEARCH_PATHS = (
					"$(inherited)",
					"@executable_path/Frameworks",
				);
				MARKETING_VERSION = 1.0;
				PRODUCT_BUNDLE_IDENTIFIER = com.seungyooooong.SwiftUIBasiciOS17;
				PRODUCT_NAME = "$(TARGET_NAME)";
				SWIFT_EMIT_LOC_STRINGS = YES;
				SWIFT_VERSION = 5.0;
				TARGETED_DEVICE_FAMILY = "1,2";
			};
			name = Release;
		};
/* End XCBuildConfiguration section */

/* Begin XCConfigurationList section */
		F6F80E5B2B568E1E0043FFBE /* Build configuration list for PBXProject "SwiftUIBasiciOS17" */ = {
			isa = XCConfigurationList;
			buildConfigurations = (
				F6F80E6C2B568E1F0043FFBE /* Debug */,
				F6F80E6D2B568E1F0043FFBE /* Release */,
			);
			defaultConfigurationIsVisible = 0;
			defaultConfigurationName = Release;
		};
		F6F80E6E2B568E1F0043FFBE /* Build configuration list for PBXNativeTarget "SwiftUIBasiciOS17" */ = {
			isa = XCConfigurationList;
			buildConfigurations = (
				F6F80E6F2B568E1F0043FFBE /* Debug */,
				F6F80E702B568E1F0043FFBE /* Release */,
			);
			defaultConfigurationIsVisible = 0;
			defaultConfigurationName = Release;
		};
/* End XCConfigurationList section */
	};
	rootObject = F6F80E582B568E1E0043FFBE /* Project object */;
}
